// !$*UTF8*$!
{
	archiveVersion = 1;
	classes = {
	};
	objectVersion = 46;
	objects = {

/* Begin PBXBuildFile section */
		94CD7E331CBFE93500BB394C /* AppDelegate.swift in Sources */ = {isa = PBXBuildFile; fileRef = 94CD7E321CBFE93500BB394C /* AppDelegate.swift */; };
		94CD7E351CBFE93500BB394C /* FontViewController.swift in Sources */ = {isa = PBXBuildFile; fileRef = 94CD7E341CBFE93500BB394C /* FontViewController.swift */; };
		94CD7E381CBFE93500BB394C /* Main.storyboard in Resources */ = {isa = PBXBuildFile; fileRef = 94CD7E361CBFE93500BB394C /* Main.storyboard */; };
		94CD7E3A1CBFE93500BB394C /* Assets.xcassets in Resources */ = {isa = PBXBuildFile; fileRef = 94CD7E391CBFE93500BB394C /* Assets.xcassets */; };
		94CD7E3D1CBFE93500BB394C /* LaunchScreen.storyboard in Resources */ = {isa = PBXBuildFile; fileRef = 94CD7E3B1CBFE93500BB394C /* LaunchScreen.storyboard */; };
		94CD7E451CBFEEBF00BB394C /* InstanceViewController.swift in Sources */ = {isa = PBXBuildFile; fileRef = 94CD7E441CBFEEBF00BB394C /* InstanceViewController.swift */; };
/* End PBXBuildFile section */

/* Begin PBXFileReference section */
		94CD7E2F1CBFE93500BB394C /* Lesson2_HomeWork.app */ = {isa = PBXFileReference; explicitFileType = wrapper.application; includeInIndex = 0; path = Lesson2_HomeWork.app; sourceTree = BUILT_PRODUCTS_DIR; };
		94CD7E321CBFE93500BB394C /* AppDelegate.swift */ = {isa = PBXFileReference; lastKnownFileType = sourcecode.swift; path = AppDelegate.swift; sourceTree = "<group>"; };
		94CD7E341CBFE93500BB394C /* FontViewController.swift */ = {isa = PBXFileReference; lastKnownFileType = sourcecode.swift; path = FontViewController.swift; sourceTree = "<group>"; };
		94CD7E371CBFE93500BB394C /* Base */ = {isa = PBXFileReference; lastKnownFileType = file.storyboard; name = Base; path = Base.lproj/Main.storyboard; sourceTree = "<group>"; };
		94CD7E391CBFE93500BB394C /* Assets.xcassets */ = {isa = PBXFileReference; lastKnownFileType = folder.assetcatalog; path = Assets.xcassets; sourceTree = "<group>"; };
		94CD7E3C1CBFE93500BB394C /* Base */ = {isa = PBXFileReference; lastKnownFileType = file.storyboard; name = Base; path = Base.lproj/LaunchScreen.storyboard; sourceTree = "<group>"; };
		94CD7E3E1CBFE93500BB394C /* Info.plist */ = {isa = PBXFileReference; lastKnownFileType = text.plist.xml; path = Info.plist; sourceTree = "<group>"; };
		94CD7E441CBFEEBF00BB394C /* InstanceViewController.swift */ = {isa = PBXFileReference; fileEncoding = 4; lastKnownFileType = sourcecode.swift; path = InstanceViewController.swift; sourceTree = "<group>"; };
/* End PBXFileReference section */

/* Begin PBXFrameworksBuildPhase section */
		94CD7E2C1CBFE93500BB394C /* Frameworks */ = {
			isa = PBXFrameworksBuildPhase;
			buildActionMask = 2147483647;
			files = (
			);
			runOnlyForDeploymentPostprocessing = 0;
		};
/* End PBXFrameworksBuildPhase section */

/* Begin PBXGroup section */
		94CD7E261CBFE93500BB394C = {
			isa = PBXGroup;
			children = (
				94CD7E311CBFE93500BB394C /* Lesson2_HomeWork */,
				94CD7E301CBFE93500BB394C /* Products */,
			);
			sourceTree = "<group>";
		};
		94CD7E301CBFE93500BB394C /* Products */ = {
			isa = PBXGroup;
			children = (
				94CD7E2F1CBFE93500BB394C /* Lesson2_HomeWork.app */,
			);
			name = Products;
			sourceTree = "<group>";
		};
		94CD7E311CBFE93500BB394C /* Lesson2_HomeWork */ = {
			isa = PBXGroup;
			children = (
				94CD7E321CBFE93500BB394C /* AppDelegate.swift */,
				94CD7E341CBFE93500BB394C /* FontViewController.swift */,
				94CD7E361CBFE93500BB394C /* Main.storyboard */,
				94CD7E441CBFEEBF00BB394C /* InstanceViewController.swift */,
				94CD7E391CBFE93500BB394C /* Assets.xcassets */,
				94CD7E3B1CBFE93500BB394C /* LaunchScreen.storyboard */,
				94CD7E3E1CBFE93500BB394C /* Info.plist */,
			);
			path = Lesson2_HomeWork;
			sourceTree = "<group>";
		};
/* End PBXGroup section */

/* Begin PBXNativeTarget section */
		94CD7E2E1CBFE93500BB394C /* Lesson2_HomeWork */ = {
			isa = PBXNativeTarget;
			buildConfigurationList = 94CD7E411CBFE93500BB394C /* Build configuration list for PBXNativeTarget "Lesson2_HomeWork" */;
			buildPhases = (
				94CD7E2B1CBFE93500BB394C /* Sources */,
				94CD7E2C1CBFE93500BB394C /* Frameworks */,
				94CD7E2D1CBFE93500BB394C /* Resources */,
			);
			buildRules = (
			);
			dependencies = (
			);
			name = Lesson2_HomeWork;
			productName = Lesson2_HomeWork;
			productReference = 94CD7E2F1CBFE93500BB394C /* Lesson2_HomeWork.app */;
			productType = "com.apple.product-type.application";
		};
/* End PBXNativeTarget section */

/* Begin PBXProject section */
		94CD7E271CBFE93500BB394C /* Project object */ = {
			isa = PBXProject;
			attributes = {
				LastSwiftUpdateCheck = 0730;
				LastUpgradeCheck = 0730;
				ORGANIZATIONNAME = PetroKov;
				TargetAttributes = {
					94CD7E2E1CBFE93500BB394C = {
						CreatedOnToolsVersion = 7.3;
					};
				};
			};
			buildConfigurationList = 94CD7E2A1CBFE93500BB394C /* Build configuration list for PBXProject "Lesson2_HomeWork" */;
			compatibilityVersion = "Xcode 3.2";
			developmentRegion = English;
			hasScannedForEncodings = 0;
			knownRegions = (
				en,
				Base,
			);
			mainGroup = 94CD7E261CBFE93500BB394C;
			productRefGroup = 94CD7E301CBFE93500BB394C /* Products */;
			projectDirPath = "";
			projectRoot = "";
			targets = (
				94CD7E2E1CBFE93500BB394C /* Lesson2_HomeWork */,
			);
		};
/* End PBXProject section */

/* Begin PBXResourcesBuildPhase section */
		94CD7E2D1CBFE93500BB394C /* Resources */ = {
			isa = PBXResourcesBuildPhase;
			buildActionMask = 2147483647;
			files = (
				94CD7E3D1CBFE93500BB394C /* LaunchScreen.storyboard in Resources */,
				94CD7E3A1CBFE93500BB394C /* Assets.xcassets in Resources */,
				94CD7E381CBFE93500BB394C /* Main.storyboard in Resources */,
			);
			runOnlyForDeploymentPostprocessing = 0;
		};
/* End PBXResourcesBuildPhase section */

/* Begin PBXSourcesBuildPhase section */
		94CD7E2B1CBFE93500BB394C /* Sources */ = {
			isa = PBXSourcesBuildPhase;
			buildActionMask = 2147483647;
			files = (
				94CD7E351CBFE93500BB394C /* FontViewController.swift in Sources */,
				94CD7E451CBFEEBF00BB394C /* InstanceViewController.swift in Sources */,
				94CD7E331CBFE93500BB394C /* AppDelegate.swift in Sources */,
			);
			runOnlyForDeploymentPostprocessing = 0;
		};
/* End PBXSourcesBuildPhase section */

/* Begin PBXVariantGroup section */
		94CD7E361CBFE93500BB394C /* Main.storyboard */ = {
			isa = PBXVariantGroup;
			children = (
				94CD7E371CBFE93500BB394C /* Base */,
			);
			name = Main.storyboard;
			sourceTree = "<group>";
		};
		94CD7E3B1CBFE93500BB394C /* LaunchScreen.storyboard */ = {
			isa = PBXVariantGroup;
			children = (
				94CD7E3C1CBFE93500BB394C /* Base */,
			);
			name = LaunchScreen.storyboard;
			sourceTree = "<group>";
		};
/* End PBXVariantGroup section */

/* Begin XCBuildConfiguration section */
		94CD7E3F1CBFE93500BB394C /* Debug */ = {
			isa = XCBuildConfiguration;
			buildSettings = {
				ALWAYS_SEARCH_USER_PATHS = NO;
				CLANG_ANALYZER_NONNULL = YES;
				CLANG_CXX_LANGUAGE_STANDARD = "gnu++0x";
				CLANG_CXX_LIBRARY = "libc++";
				CLANG_ENABLE_MODULES = YES;
				CLANG_ENABLE_OBJC_ARC = YES;
				CLANG_WARN_BOOL_CONVERSION = YES;
				CLANG_WARN_CONSTANT_CONVERSION = YES;
				CLANG_WARN_DIRECT_OBJC_ISA_USAGE = YES_ERROR;
				CLANG_WARN_EMPTY_BODY = YES;
				CLANG_WARN_ENUM_CONVERSION = YES;
				CLANG_WARN_INT_CONVERSION = YES;
				CLANG_WARN_OBJC_ROOT_CLASS = YES_ERROR;
				CLANG_WARN_UNREACHABLE_CODE = YES;
				CLANG_WARN__DUPLICATE_METHOD_MATCH = YES;
				"CODE_SIGN_IDENTITY[sdk=iphoneos*]" = "iPhone Developer";
				COPY_PHASE_STRIP = NO;
				DEBUG_INFORMATION_FORMAT = dwarf;
				ENABLE_STRICT_OBJC_MSGSEND = YES;
				ENABLE_TESTABILITY = YES;
				GCC_C_LANGUAGE_STANDARD = gnu99;
				GCC_DYNAMIC_NO_PIC = NO;
				GCC_NO_COMMON_BLOCKS = YES;
				GCC_OPTIMIZATION_LEVEL = 0;
				GCC_PREPROCESSOR_DEFINITIONS = (
					"DEBUG=1",
					"$(inherited)",
				);
				GCC_WARN_64_TO_32_BIT_CONVERSION = YES;
				GCC_WARN_ABOUT_RETURN_TYPE = YES_ERROR;
				GCC_WARN_UNDECLARED_SELECTOR = YES;
				GCC_WARN_UNINITIALIZED_AUTOS = YES_AGGRESSIVE;
				GCC_WARN_UNUSED_FUNCTION = YES;
				GCC_WARN_UNUSED_VARIABLE = YES;
				IPHONEOS_DEPLOYMENT_TARGET = 9.3;
				MTL_ENABLE_DEBUG_INFO = YES;
				ONLY_ACTIVE_ARCH = YES;
				SDKROOT = iphoneos;
				SWIFT_OPTIMIZATION_LEVEL = "-Onone";
			};
			name = Debug;
		};
		94CD7E401CBFE93500BB394C /* Release */ = {
			isa = XCBuildConfiguration;
			buildSettings = {
				ALWAYS_SEARCH_USER_PATHS = NO;
				CLANG_ANALYZER_NONNULL = YES;
				CLANG_CXX_LANGUAGE_STANDARD = "gnu++0x";
				CLANG_CXX_LIBRARY = "libc++";
				CLANG_ENABLE_MODULES = YES;
				CLANG_ENABLE_OBJC_ARC = YES;
				CLANG_WARN_BOOL_CONVERSION = YES;
				CLANG_WARN_CONSTANT_CONVERSION = YES;
				CLANG_WARN_DIRECT_OBJC_ISA_USAGE = YES_ERROR;
				CLANG_WARN_EMPTY_BODY = YES;
				CLANG_WARN_ENUM_CONVERSION = YES;
				CLANG_WARN_INT_CONVERSION = YES;
				CLANG_WARN_OBJC_ROOT_CLASS = YES_ERROR;
				CLANG_WARN_UNREACHABLE_CODE = YES;
				CLANG_WARN__DUPLICATE_METHOD_MATCH = YES;
				"CODE_SIGN_IDENTITY[sdk=iphoneos*]" = "iPhone Developer";
				COPY_PHASE_STRIP = NO;
				DEBUG_INFORMATION_FORMAT = "dwarf-with-dsym";
				ENABLE_NS_ASSERTIONS = NO;
				ENABLE_STRICT_OBJC_MSGSEND = YES;
				GCC_C_LANGUAGE_STANDARD = gnu99;
				GCC_NO_COMMON_BLOCKS = YES;
				GCC_WARN_64_TO_32_BIT_CONVERSION = YES;
				GCC_WARN_ABOUT_RETURN_TYPE = YES_ERROR;
				GCC_WARN_UNDECLARED_SELECTOR = YES;
				GCC_WARN_UNINITIALIZED_AUTOS = YES_AGGRESSIVE;
				GCC_WARN_UNUSED_FUNCTION = YES;
				GCC_WARN_UNUSED_VARIABLE = YES;
				IPHONEOS_DEPLOYMENT_TARGET = 9.3;
				MTL_ENABLE_DEBUG_INFO = NO;
				SDKROOT = iphoneos;
				VALIDATE_PRODUCT = YES;
			};
			name = Release;
		};
		94CD7E421CBFE93500BB394C /* Debug */ = {
			isa = XCBuildConfiguration;
			buildSettings = {
				ASSETCATALOG_COMPILER_APPICON_NAME = AppIcon;
				INFOPLIST_FILE = Lesson2_HomeWork/Info.plist;
				IPHONEOS_DEPLOYMENT_TARGET = 9.0;
				LD_RUNPATH_SEARCH_PATHS = "$(inherited) @executable_path/Frameworks";
				PRODUCT_BUNDLE_IDENTIFIER = "ru.lsr.Lesson2-HomeWork";
				PRODUCT_NAME = "$(TARGET_NAME)";
			};
			name = Debug;
		};
		94CD7E431CBFE93500BB394C /* Release */ = {
			isa = XCBuildConfiguration;
			buildSettings = {
				ASSETCATALOG_COMPILER_APPICON_NAME = AppIcon;
				INFOPLIST_FILE = Lesson2_HomeWork/Info.plist;
				IPHONEOS_DEPLOYMENT_TARGET = 9.0;
				LD_RUNPATH_SEARCH_PATHS = "$(inherited) @executable_path/Frameworks";
				PRODUCT_BUNDLE_IDENTIFIER = "ru.lsr.Lesson2-HomeWork";
				PRODUCT_NAME = "$(TARGET_NAME)";
			};
			name = Release;
		};
/* End XCBuildConfiguration section */

/* Begin XCConfigurationList section */
		94CD7E2A1CBFE93500BB394C /* Build configuration list for PBXProject "Lesson2_HomeWork" */ = {
			isa = XCConfigurationList;
			buildConfigurations = (
				94CD7E3F1CBFE93500BB394C /* Debug */,
				94CD7E401CBFE93500BB394C /* Release */,
			);
			defaultConfigurationIsVisible = 0;
			defaultConfigurationName = Release;
		};
		94CD7E411CBFE93500BB394C /* Build configuration list for PBXNativeTarget "Lesson2_HomeWork" */ = {
			isa = XCConfigurationList;
			buildConfigurations = (
				94CD7E421CBFE93500BB394C /* Debug */,
				94CD7E431CBFE93500BB394C /* Release */,
			);
			defaultConfigurationIsVisible = 0;
			defaultConfigurationName = Release;
		};
/* End XCConfigurationList section */
	};
	rootObject = 94CD7E271CBFE93500BB394C /* Project object */;
}
